
Microsoft Visual Studio Solution File, Format Version 12.00
# Visual Studio Version 16
VisualStudioVersion = 16.0.30523.141
MinimumVisualStudioVersion = 10.0.40219.1
Project("{FAE04EC0-301F-11D3-BF4B-00C04F79EFBC}") = "inkopslistan_ovn_2_8", "inkopslistan_ovn_2_8.csproj", "{1BEFE8E3-750F-454D-ADC2-8939B7B3F9AA}"
EndProject
Global
	GlobalSection(SolutionConfigurationPlatforms) = preSolution
		Debug|Any CPU = Debug|Any CPU
		Release|Any CPU = Release|Any CPU
	EndGlobalSection
	GlobalSection(ProjectConfigurationPlatforms) = postSolution
		{1BEFE8E3-750F-454D-ADC2-8939B7B3F9AA}.Debug|Any CPU.ActiveCfg = Debug|Any CPU
		{1BEFE8E3-750F-454D-ADC2-8939B7B3F9AA}.Debug|Any CPU.Build.0 = Debug|Any CPU
		{1BEFE8E3-750F-454D-ADC2-8939B7B3F9AA}.Release|Any CPU.ActiveCfg = Release|Any CPU
		{1BEFE8E3-750F-454D-ADC2-8939B7B3F9AA}.Release|Any CPU.Build.0 = Release|Any CPU
	EndGlobalSection
	GlobalSection(SolutionProperties) = preSolution
		HideSolutionNode = FALSE
	EndGlobalSection
	GlobalSection(ExtensibilityGlobals) = postSolution
		SolutionGuid = {95B83A94-7418-4152-A157-1C1D8C44FFA0}
	EndGlobalSection
EndGlobal
